
Microsoft Visual Studio Solution File, Format Version 12.00
# Visual Studio Version 17
VisualStudioVersion = 17.3.32929.385
MinimumVisualStudioVersion = 10.0.40219.1
Project("{FAE04EC0-301F-11D3-BF4B-00C04F79EFBC}") = "PSMtecnology", "PSMtecnology\PSMtecnology.csproj", "{277C9C73-46AB-480D-A249-433B9F457525}"
EndProject
Global
	GlobalSection(SolutionConfigurationPlatforms) = preSolution
		Debug|Any CPU = Debug|Any CPU
		Release|Any CPU = Release|Any CPU
	EndGlobalSection
	GlobalSection(ProjectConfigurationPlatforms) = postSolution
		{277C9C73-46AB-480D-A249-433B9F457525}.Debug|Any CPU.ActiveCfg = Debug|Any CPU
		{277C9C73-46AB-480D-A249-433B9F457525}.Debug|Any CPU.Build.0 = Debug|Any CPU
		{277C9C73-46AB-480D-A249-433B9F457525}.Release|Any CPU.ActiveCfg = Release|Any CPU
		{277C9C73-46AB-480D-A249-433B9F457525}.Release|Any CPU.Build.0 = Release|Any CPU
	EndGlobalSection
	GlobalSection(SolutionProperties) = preSolution
		HideSolutionNode = FALSE
	EndGlobalSection
	GlobalSection(ExtensibilityGlobals) = postSolution
		SolutionGuid = {3E4825FC-0B1E-4A75-9578-4B93A231DECC}
	EndGlobalSection
EndGlobal
